
Microsoft Visual Studio Solution File, Format Version 12.00
# Visual Studio Version 17
VisualStudioVersion = 17.0.31903.59
MinimumVisualStudioVersion = 10.0.40219.1
Project("{9A19103F-16F7-4668-BE54-9A1E7A4F7556}") = "Europa1400.Tools", "Europa1400.Tools\Europa1400.Tools.csproj", "{4BC2EDEB-CF48-4CC0-B2C0-2326EBAC109D}"
EndProject
Project("{9A19103F-16F7-4668-BE54-9A1E7A4F7556}") = "Europa1400.Tools.Tests", "Europa1400.Tools.Tests\Europa1400.Tools.Tests.csproj", "{F2B2AD53-2710-4488-95CE-011F70A9F573}"
EndProject
Global
	GlobalSection(SolutionConfigurationPlatforms) = preSolution
		Debug|Any CPU = Debug|Any CPU
		Release|Any CPU = Release|Any CPU
	EndGlobalSection
	GlobalSection(ProjectConfigurationPlatforms) = postSolution
		{4BC2EDEB-CF48-4CC0-B2C0-2326EBAC109D}.Debug|Any CPU.ActiveCfg = Debug|Any CPU
		{4BC2EDEB-CF48-4CC0-B2C0-2326EBAC109D}.Debug|Any CPU.Build.0 = Debug|Any CPU
		{4BC2EDEB-CF48-4CC0-B2C0-2326EBAC109D}.Release|Any CPU.ActiveCfg = Release|Any CPU
		{4BC2EDEB-CF48-4CC0-B2C0-2326EBAC109D}.Release|Any CPU.Build.0 = Release|Any CPU
		{F2B2AD53-2710-4488-95CE-011F70A9F573}.Debug|Any CPU.ActiveCfg = Debug|Any CPU
		{F2B2AD53-2710-4488-95CE-011F70A9F573}.Debug|Any CPU.Build.0 = Debug|Any CPU
		{F2B2AD53-2710-4488-95CE-011F70A9F573}.Release|Any CPU.ActiveCfg = Release|Any CPU
		{F2B2AD53-2710-4488-95CE-011F70A9F573}.Release|Any CPU.Build.0 = Release|Any CPU
	EndGlobalSection
	GlobalSection(SolutionProperties) = preSolution
		HideSolutionNode = FALSE
	EndGlobalSection
EndGlobal
